<?xml version="1.0" encoding="utf-8"?>
<Project ToolsVersion="4.0" xmlns="http://schemas.microsoft.com/developer/msbuild/2003">
  <ItemGroup>
    <Filter Include="Source Files">
      <UniqueIdentifier>{4FC737F1-C7A5-4376-A066-2A32D752A2FF}</UniqueIdentifier>
      <Extensions>cpp;c;cc;cxx;def;odl;idl;hpj;bat;asm;asmx</Extensions>
    </Filter>
    <Filter Include="Header Files">
      <UniqueIdentifier>{93995380-89BD-4b04-88EB-625FBE52EBFB}</UniqueIdentifier>
      <Extensions>h;hh;hpp;hxx;hm;inl;inc;xsd</Extensions>
    </Filter>
    <Filter Include="Resource Files">
      <UniqueIdentifier>{67DA6AB6-F800-4c08-8B7A-83BB121AAD01}</UniqueIdentifier>
      <Extensions>rc;ico;cur;bmp;dlg;rc2;rct;bin;rgs;gif;jpg;jpeg;jpe;resx;tiff;tif;png;wav;mfcribbon-ms</Extensions>
    </Filter>
  </ItemGroup>
  <ItemGroup>
    <ClCompile Include="form1.cpp">
      <Filter>Source Files</Filter>
    </ClCompile>
    <ClCompile Include="Employee.cpp">
      <Filter>Source Files</Filter>
    </ClCompile>
    <ClCompile Include="Blood.cpp">
      <Filter>Source Files</Filter>
    </ClCompile>
    <ClCompile Include="Blood bank.cpp">
      <Filter>Source Files</Filter>
    </ClCompile>
    <ClCompile Include="Hospital.cpp">
      <Filter>Source Files</Filter>
    </ClCompile>
    <ClCompile Include="Receptionist.cpp">
      <Filter>Source Files</Filter>
    </ClCompile>
    <ClCompile Include="BloodbankManager.cpp">
      <Filter>Source Files</Filter>
    </ClCompile>
    <ClCompile Include="Donation.cpp">
      <Filter>Source Files</Filter>
    </ClCompile>
    <ClCompile Include="Orders.cpp">
      <Filter>Source Files</Filter>
    </ClCompile>
    <ClCompile Include="Welcome.cpp">
      <Filter>Source Files</Filter>
    </ClCompile>
    <ClCompile Include="MenuOptions.cpp">
      <Filter>Source Files</Filter>
    </ClCompile>
    <ClCompile Include="Person.cpp">
      <Filter>Source Files</Filter>
    </ClCompile>
  </ItemGroup>
  <ItemGroup>
    <ClInclude Include="form1.h">
      <Filter>Source Files</Filter>
    </ClInclude>
    <ClInclude Include="Employee.h">
      <Filter>Source Files</Filter>
    </ClInclude>
    <ClInclude Include="Blood.h">
      <Filter>Source Files</Filter>
    </ClInclude>
    <ClInclude Include="Bloodbank.h">
      <Filter>Source Files</Filter>
    </ClInclude>
    <ClInclude Include="Hospital.h">
      <Filter>Source Files</Filter>
    </ClInclude>
    <ClInclude Include="Receptionist.h">
      <Filter>Source Files</Filter>
    </ClInclude>
    <ClInclude Include="BloodbankManager.h">
      <Filter>Source Files</Filter>
    </ClInclude>
    <ClInclude Include="Donation.h">
      <Filter>Source Files</Filter>
    </ClInclude>
    <ClInclude Include="Orders.h">
      <Filter>Source Files</Filter>
    </ClInclude>
    <ClInclude Include="Welcome.h">
      <Filter>Source Files</Filter>
    </ClInclude>
    <ClInclude Include="MenuOptions.h">
      <Filter>Source Files</Filter>
    </ClInclude>
    <ClInclude Include="Person.h">
      <Filter>Source Files</Filter>
    </ClInclude>
  </ItemGroup>
  <ItemGroup>
    <EmbeddedResource Include="form1.resx">
      <Filter>Resource Files</Filter>
    </EmbeddedResource>
    <EmbeddedResource Include="Bloodbank.resx">
      <Filter>Resource Files</Filter>
    </EmbeddedResource>
    <EmbeddedResource Include="Blood.resx">
      <Filter>Resource Files</Filter>
    </EmbeddedResource>
    <EmbeddedResource Include="BloodbankManager.resx">
      <Filter>Resource Files</Filter>
    </EmbeddedResource>
    <EmbeddedResource Include="Donation.resx">
      <Filter>Resource Files</Filter>
    </EmbeddedResource>
    <EmbeddedResource Include="Employee.resx">
      <Filter>Resource Files</Filter>
    </EmbeddedResource>
    <EmbeddedResource Include="Hospital Locations.resx">
      <Filter>Resource Files</Filter>
    </EmbeddedResource>
    <EmbeddedResource Include="Hospital.resx">
      <Filter>Resource Files</Filter>
    </EmbeddedResource>
    <EmbeddedResource Include="MenuOptions.resx">
      <Filter>Resource Files</Filter>
    </EmbeddedResource>
    <EmbeddedResource Include="Orders.resx">
      <Filter>Resource Files</Filter>
    </EmbeddedResource>
    <EmbeddedResource Include="Receptionist.resx">
      <Filter>Resource Files</Filter>
    </EmbeddedResource>
    <EmbeddedResource Include="Welcome.resx">
      <Filter>Resource Files</Filter>
    </EmbeddedResource>
    <EmbeddedResource Include="Person.resx">
      <Filter>Resource Files</Filter>
    </EmbeddedResource>
  </ItemGroup>
</Project>